// !$*UTF8*$!
{
	archiveVersion = 1;
	classes = {
	};
	objectVersion = 50;
	objects = {

/* Begin PBXBuildFile section */
		AC0D89D025766169003B027D /* Movie.swift in Sources */ = {isa = PBXBuildFile; fileRef = AC605B0A2576603D00A7F8A2 /* Movie.swift */; };
		AC0D89D22576616D003B027D /* TableViewCell.swift in Sources */ = {isa = PBXBuildFile; fileRef = AC605B0C2576603D00A7F8A2 /* TableViewCell.swift */; };
		AC0D89D425766170003B027D /* AddFilmViewController.swift in Sources */ = {isa = PBXBuildFile; fileRef = AC605B0B2576603D00A7F8A2 /* AddFilmViewController.swift */; };
		AC0D89D625766173003B027D /* FilmViewController.swift in Sources */ = {isa = PBXBuildFile; fileRef = AC605B092576603D00A7F8A2 /* FilmViewController.swift */; };
		AC0D89D825766176003B027D /* ViewController.swift in Sources */ = {isa = PBXBuildFile; fileRef = AC605B0D2576603D00A7F8A2 /* ViewController.swift */; };
		AC11896D2576B5AB0083863D /* OnlineImageCollectionViewCell.swift in Sources */ = {isa = PBXBuildFile; fileRef = AC11896C2576B5AB0083863D /* OnlineImageCollectionViewCell.swift */; };
		AC32F386257442450084AE8F /* AppDelegate.swift in Sources */ = {isa = PBXBuildFile; fileRef = AC32F385257442450084AE8F /* AppDelegate.swift */; };
		AC32F388257442450084AE8F /* SceneDelegate.swift in Sources */ = {isa = PBXBuildFile; fileRef = AC32F387257442450084AE8F /* SceneDelegate.swift */; };
		AC32F38A257442450084AE8F /* SearchViewController.swift in Sources */ = {isa = PBXBuildFile; fileRef = AC32F389257442450084AE8F /* SearchViewController.swift */; };
		AC32F38D257442450084AE8F /* Main.storyboard in Resources */ = {isa = PBXBuildFile; fileRef = AC32F38B257442450084AE8F /* Main.storyboard */; };
		AC32F38F257442460084AE8F /* Assets.xcassets in Resources */ = {isa = PBXBuildFile; fileRef = AC32F38E257442460084AE8F /* Assets.xcassets */; };
		AC32F392257442460084AE8F /* LaunchScreen.storyboard in Resources */ = {isa = PBXBuildFile; fileRef = AC32F390257442460084AE8F /* LaunchScreen.storyboard */; };
		AC631C76257503680016AD0C /* GalleryViewController.swift in Sources */ = {isa = PBXBuildFile; fileRef = AC631C75257503680016AD0C /* GalleryViewController.swift */; };
		AC631C7A257504100016AD0C /* ImageCollectionViewCell.swift in Sources */ = {isa = PBXBuildFile; fileRef = AC631C79257504100016AD0C /* ImageCollectionViewCell.swift */; };
		AC631C7D257511BB0016AD0C /* GridLayout.swift in Sources */ = {isa = PBXBuildFile; fileRef = AC631C7C257511BB0016AD0C /* GridLayout.swift */; };
		AC6CA3AF2574CEDD00B79107 /* SearchFilmViewController.swift in Sources */ = {isa = PBXBuildFile; fileRef = AC6CA3AE2574CEDD00B79107 /* SearchFilmViewController.swift */; };
		AC907363257579A40016CC5F /* DrawViewController.swift in Sources */ = {isa = PBXBuildFile; fileRef = AC907362257579A40016CC5F /* DrawViewController.swift */; };
		AC973ABA25757B91008995D4 /* CustomView.swift in Sources */ = {isa = PBXBuildFile; fileRef = AC973AB925757B91008995D4 /* CustomView.swift */; };
		ACB0A393257661CE00C43CE9 /* movie_1.txt in Resources */ = {isa = PBXBuildFile; fileRef = AC605B102576603D00A7F8A2 /* movie_1.txt */; };
		ACB0A395257661D300C43CE9 /* movie_4.txt in Resources */ = {isa = PBXBuildFile; fileRef = AC605B132576603D00A7F8A2 /* movie_4.txt */; };
		ACB0A396257661D300C43CE9 /* movie_8.txt in Resources */ = {isa = PBXBuildFile; fileRef = AC605B112576603D00A7F8A2 /* movie_8.txt */; };
		ACB0A397257661D300C43CE9 /* movie_7.txt in Resources */ = {isa = PBXBuildFile; fileRef = AC605B122576603D00A7F8A2 /* movie_7.txt */; };
		ACB0A398257661D300C43CE9 /* movie_9.txt in Resources */ = {isa = PBXBuildFile; fileRef = AC605B172576603D00A7F8A2 /* movie_9.txt */; };
		ACB0A399257661D300C43CE9 /* movie_10.txt in Resources */ = {isa = PBXBuildFile; fileRef = AC605B162576603D00A7F8A2 /* movie_10.txt */; };
		ACB0A39A257661D300C43CE9 /* movie_2.txt in Resources */ = {isa = PBXBuildFile; fileRef = AC605B142576603D00A7F8A2 /* movie_2.txt */; };
		ACB0A39B257661D300C43CE9 /* movie_6.txt in Resources */ = {isa = PBXBuildFile; fileRef = AC605B182576603D00A7F8A2 /* movie_6.txt */; };
		ACB0A39C257661D300C43CE9 /* movie_5.txt in Resources */ = {isa = PBXBuildFile; fileRef = AC605B0F2576603D00A7F8A2 /* movie_5.txt */; };
		ACB0A39D257661D300C43CE9 /* movie_3.txt in Resources */ = {isa = PBXBuildFile; fileRef = AC605B152576603D00A7F8A2 /* movie_3.txt */; };
		ACB0A3A0257678CE00C43CE9 /* OnlineGalleryViewController.swift in Sources */ = {isa = PBXBuildFile; fileRef = ACB0A39F257678CE00C43CE9 /* OnlineGalleryViewController.swift */; };
/* End PBXBuildFile section */

/* Begin PBXFileReference section */
		AC11896C2576B5AB0083863D /* OnlineImageCollectionViewCell.swift */ = {isa = PBXFileReference; lastKnownFileType = sourcecode.swift; path = OnlineImageCollectionViewCell.swift; sourceTree = "<group>"; };
		AC32F382257442450084AE8F /* My great app.app */ = {isa = PBXFileReference; explicitFileType = wrapper.application; includeInIndex = 0; path = "My great app.app"; sourceTree = BUILT_PRODUCTS_DIR; };
		AC32F385257442450084AE8F /* AppDelegate.swift */ = {isa = PBXFileReference; lastKnownFileType = sourcecode.swift; path = AppDelegate.swift; sourceTree = "<group>"; };
		AC32F387257442450084AE8F /* SceneDelegate.swift */ = {isa = PBXFileReference; lastKnownFileType = sourcecode.swift; path = SceneDelegate.swift; sourceTree = "<group>"; };
		AC32F389257442450084AE8F /* SearchViewController.swift */ = {isa = PBXFileReference; lastKnownFileType = sourcecode.swift; path = SearchViewController.swift; sourceTree = "<group>"; };
		AC32F38C257442450084AE8F /* Base */ = {isa = PBXFileReference; lastKnownFileType = file.storyboard; name = Base; path = Base.lproj/Main.storyboard; sourceTree = "<group>"; };
		AC32F38E257442460084AE8F /* Assets.xcassets */ = {isa = PBXFileReference; lastKnownFileType = folder.assetcatalog; path = Assets.xcassets; sourceTree = "<group>"; };
		AC32F391257442460084AE8F /* Base */ = {isa = PBXFileReference; lastKnownFileType = file.storyboard; name = Base; path = Base.lproj/LaunchScreen.storyboard; sourceTree = "<group>"; };
		AC32F393257442460084AE8F /* Info.plist */ = {isa = PBXFileReference; lastKnownFileType = text.plist.xml; path = Info.plist; sourceTree = "<group>"; };
		AC605B092576603D00A7F8A2 /* FilmViewController.swift */ = {isa = PBXFileReference; lastKnownFileType = sourcecode.swift; path = FilmViewController.swift; sourceTree = "<group>"; };
		AC605B0A2576603D00A7F8A2 /* Movie.swift */ = {isa = PBXFileReference; lastKnownFileType = sourcecode.swift; path = Movie.swift; sourceTree = "<group>"; };
		AC605B0B2576603D00A7F8A2 /* AddFilmViewController.swift */ = {isa = PBXFileReference; lastKnownFileType = sourcecode.swift; path = AddFilmViewController.swift; sourceTree = "<group>"; };
		AC605B0C2576603D00A7F8A2 /* TableViewCell.swift */ = {isa = PBXFileReference; lastKnownFileType = sourcecode.swift; path = TableViewCell.swift; sourceTree = "<group>"; };
		AC605B0D2576603D00A7F8A2 /* ViewController.swift */ = {isa = PBXFileReference; lastKnownFileType = sourcecode.swift; path = ViewController.swift; sourceTree = "<group>"; };
		AC605B0F2576603D00A7F8A2 /* movie_5.txt */ = {isa = PBXFileReference; lastKnownFileType = text; path = movie_5.txt; sourceTree = "<group>"; };
		AC605B102576603D00A7F8A2 /* movie_1.txt */ = {isa = PBXFileReference; lastKnownFileType = text; path = movie_1.txt; sourceTree = "<group>"; };
		AC605B112576603D00A7F8A2 /* movie_8.txt */ = {isa = PBXFileReference; lastKnownFileType = text; path = movie_8.txt; sourceTree = "<group>"; };
		AC605B122576603D00A7F8A2 /* movie_7.txt */ = {isa = PBXFileReference; lastKnownFileType = text; path = movie_7.txt; sourceTree = "<group>"; };
		AC605B132576603D00A7F8A2 /* movie_4.txt */ = {isa = PBXFileReference; lastKnownFileType = text; path = movie_4.txt; sourceTree = "<group>"; };
		AC605B142576603D00A7F8A2 /* movie_2.txt */ = {isa = PBXFileReference; lastKnownFileType = text; path = movie_2.txt; sourceTree = "<group>"; };
		AC605B152576603D00A7F8A2 /* movie_3.txt */ = {isa = PBXFileReference; lastKnownFileType = text; path = movie_3.txt; sourceTree = "<group>"; };
		AC605B162576603D00A7F8A2 /* movie_10.txt */ = {isa = PBXFileReference; lastKnownFileType = text; path = movie_10.txt; sourceTree = "<group>"; };
		AC605B172576603D00A7F8A2 /* movie_9.txt */ = {isa = PBXFileReference; lastKnownFileType = text; path = movie_9.txt; sourceTree = "<group>"; };
		AC605B182576603D00A7F8A2 /* movie_6.txt */ = {isa = PBXFileReference; lastKnownFileType = text; path = movie_6.txt; sourceTree = "<group>"; };
		AC631C75257503680016AD0C /* GalleryViewController.swift */ = {isa = PBXFileReference; lastKnownFileType = sourcecode.swift; path = GalleryViewController.swift; sourceTree = "<group>"; };
		AC631C79257504100016AD0C /* ImageCollectionViewCell.swift */ = {isa = PBXFileReference; lastKnownFileType = sourcecode.swift; path = ImageCollectionViewCell.swift; sourceTree = "<group>"; };
		AC631C7C257511BB0016AD0C /* GridLayout.swift */ = {isa = PBXFileReference; lastKnownFileType = sourcecode.swift; path = GridLayout.swift; sourceTree = "<group>"; };
		AC6CA3AE2574CEDD00B79107 /* SearchFilmViewController.swift */ = {isa = PBXFileReference; lastKnownFileType = sourcecode.swift; path = SearchFilmViewController.swift; sourceTree = "<group>"; };
		AC907362257579A40016CC5F /* DrawViewController.swift */ = {isa = PBXFileReference; lastKnownFileType = sourcecode.swift; path = DrawViewController.swift; sourceTree = "<group>"; };
		AC973AB925757B91008995D4 /* CustomView.swift */ = {isa = PBXFileReference; lastKnownFileType = sourcecode.swift; path = CustomView.swift; sourceTree = "<group>"; };
		ACB0A39F257678CE00C43CE9 /* OnlineGalleryViewController.swift */ = {isa = PBXFileReference; lastKnownFileType = sourcecode.swift; path = OnlineGalleryViewController.swift; sourceTree = "<group>"; };
/* End PBXFileReference section */

/* Begin PBXFrameworksBuildPhase section */
		AC32F37F257442450084AE8F /* Frameworks */ = {
			isa = PBXFrameworksBuildPhase;
			buildActionMask = 2147483647;
			files = (
			);
			runOnlyForDeploymentPostprocessing = 0;
		};
/* End PBXFrameworksBuildPhase section */

/* Begin PBXGroup section */
		AC32F379257442450084AE8F = {
			isa = PBXGroup;
			children = (
				AC32F384257442450084AE8F /* My great app */,
				AC32F383257442450084AE8F /* Products */,
			);
			sourceTree = "<group>";
		};
		AC32F383257442450084AE8F /* Products */ = {
			isa = PBXGroup;
			children = (
				AC32F382257442450084AE8F /* My great app.app */,
			);
			name = Products;
			sourceTree = "<group>";
		};
		AC32F384257442450084AE8F /* My great app */ = {
			isa = PBXGroup;
			children = (
				AC32F385257442450084AE8F /* AppDelegate.swift */,
				AC32F387257442450084AE8F /* SceneDelegate.swift */,
				AC631C722575032D0016AD0C /* 3-4 */,
				AC631C742575033E0016AD0C /* 5 */,
				AC9073602575735B0016CC5F /* 6 */,
				AC605B082576602700A7F8A2 /* 7 */,
				AC32F38B257442450084AE8F /* Main.storyboard */,
				AC32F38E257442460084AE8F /* Assets.xcassets */,
				AC32F390257442460084AE8F /* LaunchScreen.storyboard */,
				AC32F393257442460084AE8F /* Info.plist */,
			);
			path = "My great app";
			sourceTree = "<group>";
		};
		AC605B082576602700A7F8A2 /* 7 */ = {
			isa = PBXGroup;
			children = (
				AC32F389257442450084AE8F /* SearchViewController.swift */,
				ACB0A39F257678CE00C43CE9 /* OnlineGalleryViewController.swift */,
				AC6CA3AE2574CEDD00B79107 /* SearchFilmViewController.swift */,
				AC11896C2576B5AB0083863D /* OnlineImageCollectionViewCell.swift */,
			);
			path = 7;
			sourceTree = "<group>";
		};
		AC605B0E2576603D00A7F8A2 /* Movies */ = {
			isa = PBXGroup;
			children = (
				AC605B102576603D00A7F8A2 /* movie_1.txt */,
				AC605B142576603D00A7F8A2 /* movie_2.txt */,
				AC605B152576603D00A7F8A2 /* movie_3.txt */,
				AC605B132576603D00A7F8A2 /* movie_4.txt */,
				AC605B0F2576603D00A7F8A2 /* movie_5.txt */,
				AC605B182576603D00A7F8A2 /* movie_6.txt */,
				AC605B122576603D00A7F8A2 /* movie_7.txt */,
				AC605B112576603D00A7F8A2 /* movie_8.txt */,
				AC605B172576603D00A7F8A2 /* movie_9.txt */,
				AC605B162576603D00A7F8A2 /* movie_10.txt */,
			);
			path = Movies;
			sourceTree = "<group>";
		};
		AC631C722575032D0016AD0C /* 3-4 */ = {
			isa = PBXGroup;
			children = (
				AC605B0D2576603D00A7F8A2 /* ViewController.swift */,
				AC605B0B2576603D00A7F8A2 /* AddFilmViewController.swift */,
				AC605B092576603D00A7F8A2 /* FilmViewController.swift */,
				AC605B0E2576603D00A7F8A2 /* Movies */,
				AC605B0A2576603D00A7F8A2 /* Movie.swift */,
				AC605B0C2576603D00A7F8A2 /* TableViewCell.swift */,
			);
			path = "3-4";
			sourceTree = "<group>";
		};
		AC631C742575033E0016AD0C /* 5 */ = {
			isa = PBXGroup;
			children = (
				AC631C75257503680016AD0C /* GalleryViewController.swift */,
				AC631C7C257511BB0016AD0C /* GridLayout.swift */,
				AC631C79257504100016AD0C /* ImageCollectionViewCell.swift */,
			);
			path = 5;
			sourceTree = "<group>";
		};
		AC9073602575735B0016CC5F /* 6 */ = {
			isa = PBXGroup;
			children = (
				AC907362257579A40016CC5F /* DrawViewController.swift */,
				AC973AB925757B91008995D4 /* CustomView.swift */,
			);
			path = 6;
			sourceTree = "<group>";
		};
/* End PBXGroup section */

/* Begin PBXNativeTarget section */
		AC32F381257442450084AE8F /* My great app */ = {
			isa = PBXNativeTarget;
			buildConfigurationList = AC32F396257442460084AE8F /* Build configuration list for PBXNativeTarget "My great app" */;
			buildPhases = (
				AC32F37E257442450084AE8F /* Sources */,
				AC32F37F257442450084AE8F /* Frameworks */,
				AC32F380257442450084AE8F /* Resources */,
			);
			buildRules = (
			);
			dependencies = (
			);
			name = "My great app";
			productName = "My great app";
			productReference = AC32F382257442450084AE8F /* My great app.app */;
			productType = "com.apple.product-type.application";
		};
/* End PBXNativeTarget section */

/* Begin PBXProject section */
		AC32F37A257442450084AE8F /* Project object */ = {
			isa = PBXProject;
			attributes = {
				LastSwiftUpdateCheck = 1210;
				LastUpgradeCheck = 1210;
				TargetAttributes = {
					AC32F381257442450084AE8F = {
						CreatedOnToolsVersion = 12.1;
					};
				};
			};
			buildConfigurationList = AC32F37D257442450084AE8F /* Build configuration list for PBXProject "My great app" */;
			compatibilityVersion = "Xcode 9.3";
			developmentRegion = en;
			hasScannedForEncodings = 0;
			knownRegions = (
				en,
				Base,
			);
			mainGroup = AC32F379257442450084AE8F;
			productRefGroup = AC32F383257442450084AE8F /* Products */;
			projectDirPath = "";
			projectRoot = "";
			targets = (
				AC32F381257442450084AE8F /* My great app */,
			);
		};
/* End PBXProject section */

/* Begin PBXResourcesBuildPhase section */
		AC32F380257442450084AE8F /* Resources */ = {
			isa = PBXResourcesBuildPhase;
			buildActionMask = 2147483647;
			files = (
				ACB0A39A257661D300C43CE9 /* movie_2.txt in Resources */,
				ACB0A396257661D300C43CE9 /* movie_8.txt in Resources */,
				ACB0A39B257661D300C43CE9 /* movie_6.txt in Resources */,
				ACB0A398257661D300C43CE9 /* movie_9.txt in Resources */,
				AC32F392257442460084AE8F /* LaunchScreen.storyboard in Resources */,
				ACB0A399257661D300C43CE9 /* movie_10.txt in Resources */,
				ACB0A393257661CE00C43CE9 /* movie_1.txt in Resources */,
				AC32F38F257442460084AE8F /* Assets.xcassets in Resources */,
				ACB0A395257661D300C43CE9 /* movie_4.txt in Resources */,
				ACB0A39C257661D300C43CE9 /* movie_5.txt in Resources */,
				ACB0A39D257661D300C43CE9 /* movie_3.txt in Resources */,
				AC32F38D257442450084AE8F /* Main.storyboard in Resources */,
				ACB0A397257661D300C43CE9 /* movie_7.txt in Resources */,
			);
			runOnlyForDeploymentPostprocessing = 0;
		};
/* End PBXResourcesBuildPhase section */

/* Begin PBXSourcesBuildPhase section */
		AC32F37E257442450084AE8F /* Sources */ = {
			isa = PBXSourcesBuildPhase;
			buildActionMask = 2147483647;
			files = (
				AC907363257579A40016CC5F /* DrawViewController.swift in Sources */,
				AC32F38A257442450084AE8F /* SearchViewController.swift in Sources */,
				AC11896D2576B5AB0083863D /* OnlineImageCollectionViewCell.swift in Sources */,
				AC32F386257442450084AE8F /* AppDelegate.swift in Sources */,
				AC631C76257503680016AD0C /* GalleryViewController.swift in Sources */,
				AC0D89D825766176003B027D /* ViewController.swift in Sources */,
				AC0D89D625766173003B027D /* FilmViewController.swift in Sources */,
				AC0D89D025766169003B027D /* Movie.swift in Sources */,
				AC631C7A257504100016AD0C /* ImageCollectionViewCell.swift in Sources */,
				AC0D89D425766170003B027D /* AddFilmViewController.swift in Sources */,
				AC0D89D22576616D003B027D /* TableViewCell.swift in Sources */,
				AC631C7D257511BB0016AD0C /* GridLayout.swift in Sources */,
				AC973ABA25757B91008995D4 /* CustomView.swift in Sources */,
				ACB0A3A0257678CE00C43CE9 /* OnlineGalleryViewController.swift in Sources */,
				AC6CA3AF2574CEDD00B79107 /* SearchFilmViewController.swift in Sources */,
				AC32F388257442450084AE8F /* SceneDelegate.swift in Sources */,
			);
			runOnlyForDeploymentPostprocessing = 0;
		};
/* End PBXSourcesBuildPhase section */

/* Begin PBXVariantGroup section */
		AC32F38B257442450084AE8F /* Main.storyboard */ = {
			isa = PBXVariantGroup;
			children = (
				AC32F38C257442450084AE8F /* Base */,
			);
			name = Main.storyboard;
			sourceTree = "<group>";
		};
		AC32F390257442460084AE8F /* LaunchScreen.storyboard */ = {
			isa = PBXVariantGroup;
			children = (
				AC32F391257442460084AE8F /* Base */,
			);
			name = LaunchScreen.storyboard;
			sourceTree = "<group>";
		};
/* End PBXVariantGroup section */

/* Begin XCBuildConfiguration section */
		AC32F394257442460084AE8F /* Debug */ = {
			isa = XCBuildConfiguration;
			buildSettings = {
				ALWAYS_SEARCH_USER_PATHS = NO;
				CLANG_ANALYZER_NONNULL = YES;
				CLANG_ANALYZER_NUMBER_OBJECT_CONVERSION = YES_AGGRESSIVE;
				CLANG_CXX_LANGUAGE_STANDARD = "gnu++14";
				CLANG_CXX_LIBRARY = "libc++";
				CLANG_ENABLE_MODULES = YES;
				CLANG_ENABLE_OBJC_ARC = YES;
				CLANG_ENABLE_OBJC_WEAK = YES;
				CLANG_WARN_BLOCK_CAPTURE_AUTORELEASING = YES;
				CLANG_WARN_BOOL_CONVERSION = YES;
				CLANG_WARN_COMMA = YES;
				CLANG_WARN_CONSTANT_CONVERSION = YES;
				CLANG_WARN_DEPRECATED_OBJC_IMPLEMENTATIONS = YES;
				CLANG_WARN_DIRECT_OBJC_ISA_USAGE = YES_ERROR;
				CLANG_WARN_DOCUMENTATION_COMMENTS = YES;
				CLANG_WARN_EMPTY_BODY = YES;
				CLANG_WARN_ENUM_CONVERSION = YES;
				CLANG_WARN_INFINITE_RECURSION = YES;
				CLANG_WARN_INT_CONVERSION = YES;
				CLANG_WARN_NON_LITERAL_NULL_CONVERSION = YES;
				CLANG_WARN_OBJC_IMPLICIT_RETAIN_SELF = YES;
				CLANG_WARN_OBJC_LITERAL_CONVERSION = YES;
				CLANG_WARN_OBJC_ROOT_CLASS = YES_ERROR;
				CLANG_WARN_QUOTED_INCLUDE_IN_FRAMEWORK_HEADER = YES;
				CLANG_WARN_RANGE_LOOP_ANALYSIS = YES;
				CLANG_WARN_STRICT_PROTOTYPES = YES;
				CLANG_WARN_SUSPICIOUS_MOVE = YES;
				CLANG_WARN_UNGUARDED_AVAILABILITY = YES_AGGRESSIVE;
				CLANG_WARN_UNREACHABLE_CODE = YES;
				CLANG_WARN__DUPLICATE_METHOD_MATCH = YES;
				COPY_PHASE_STRIP = NO;
				DEBUG_INFORMATION_FORMAT = dwarf;
				ENABLE_STRICT_OBJC_MSGSEND = YES;
				ENABLE_TESTABILITY = YES;
				GCC_C_LANGUAGE_STANDARD = gnu11;
				GCC_DYNAMIC_NO_PIC = NO;
				GCC_NO_COMMON_BLOCKS = YES;
				GCC_OPTIMIZATION_LEVEL = 0;
				GCC_PREPROCESSOR_DEFINITIONS = (
					"DEBUG=1",
					"$(inherited)",
				);
				GCC_WARN_64_TO_32_BIT_CONVERSION = YES;
				GCC_WARN_ABOUT_RETURN_TYPE = YES_ERROR;
				GCC_WARN_UNDECLARED_SELECTOR = YES;
				GCC_WARN_UNINITIALIZED_AUTOS = YES_AGGRESSIVE;
				GCC_WARN_UNUSED_FUNCTION = YES;
				GCC_WARN_UNUSED_VARIABLE = YES;
				IPHONEOS_DEPLOYMENT_TARGET = 11.0;
				MTL_ENABLE_DEBUG_INFO = INCLUDE_SOURCE;
				MTL_FAST_MATH = YES;
				ONLY_ACTIVE_ARCH = YES;
				SDKROOT = iphoneos;
				SWIFT_ACTIVE_COMPILATION_CONDITIONS = DEBUG;
				SWIFT_OPTIMIZATION_LEVEL = "-Onone";
			};
			name = Debug;
		};
		AC32F395257442460084AE8F /* Release */ = {
			isa = XCBuildConfiguration;
			buildSettings = {
				ALWAYS_SEARCH_USER_PATHS = NO;
				CLANG_ANALYZER_NONNULL = YES;
				CLANG_ANALYZER_NUMBER_OBJECT_CONVERSION = YES_AGGRESSIVE;
				CLANG_CXX_LANGUAGE_STANDARD = "gnu++14";
				CLANG_CXX_LIBRARY = "libc++";
				CLANG_ENABLE_MODULES = YES;
				CLANG_ENABLE_OBJC_ARC = YES;
				CLANG_ENABLE_OBJC_WEAK = YES;
				CLANG_WARN_BLOCK_CAPTURE_AUTORELEASING = YES;
				CLANG_WARN_BOOL_CONVERSION = YES;
				CLANG_WARN_COMMA = YES;
				CLANG_WARN_CONSTANT_CONVERSION = YES;
				CLANG_WARN_DEPRECATED_OBJC_IMPLEMENTATIONS = YES;
				CLANG_WARN_DIRECT_OBJC_ISA_USAGE = YES_ERROR;
				CLANG_WARN_DOCUMENTATION_COMMENTS = YES;
				CLANG_WARN_EMPTY_BODY = YES;
				CLANG_WARN_ENUM_CONVERSION = YES;
				CLANG_WARN_INFINITE_RECURSION = YES;
				CLANG_WARN_INT_CONVERSION = YES;
				CLANG_WARN_NON_LITERAL_NULL_CONVERSION = YES;
				CLANG_WARN_OBJC_IMPLICIT_RETAIN_SELF = YES;
				CLANG_WARN_OBJC_LITERAL_CONVERSION = YES;
				CLANG_WARN_OBJC_ROOT_CLASS = YES_ERROR;
				CLANG_WARN_QUOTED_INCLUDE_IN_FRAMEWORK_HEADER = YES;
				CLANG_WARN_RANGE_LOOP_ANALYSIS = YES;
				CLANG_WARN_STRICT_PROTOTYPES = YES;
				CLANG_WARN_SUSPICIOUS_MOVE = YES;
				CLANG_WARN_UNGUARDED_AVAILABILITY = YES_AGGRESSIVE;
				CLANG_WARN_UNREACHABLE_CODE = YES;
				CLANG_WARN__DUPLICATE_METHOD_MATCH = YES;
				COPY_PHASE_STRIP = NO;
				DEBUG_INFORMATION_FORMAT = "dwarf-with-dsym";
				ENABLE_NS_ASSERTIONS = NO;
				ENABLE_STRICT_OBJC_MSGSEND = YES;
				GCC_C_LANGUAGE_STANDARD = gnu11;
				GCC_NO_COMMON_BLOCKS = YES;
				GCC_WARN_64_TO_32_BIT_CONVERSION = YES;
				GCC_WARN_ABOUT_RETURN_TYPE = YES_ERROR;
				GCC_WARN_UNDECLARED_SELECTOR = YES;
				GCC_WARN_UNINITIALIZED_AUTOS = YES_AGGRESSIVE;
				GCC_WARN_UNUSED_FUNCTION = YES;
				GCC_WARN_UNUSED_VARIABLE = YES;
				IPHONEOS_DEPLOYMENT_TARGET = 11.0;
				MTL_ENABLE_DEBUG_INFO = NO;
				MTL_FAST_MATH = YES;
				SDKROOT = iphoneos;
				SWIFT_COMPILATION_MODE = wholemodule;
				SWIFT_OPTIMIZATION_LEVEL = "-O";
				VALIDATE_PRODUCT = YES;
			};
			name = Release;
		};
		AC32F397257442460084AE8F /* Debug */ = {
			isa = XCBuildConfiguration;
			buildSettings = {
				ASSETCATALOG_COMPILER_APPICON_NAME = AppIcon;
				ASSETCATALOG_COMPILER_GLOBAL_ACCENT_COLOR_NAME = AccentColor;
				CODE_SIGN_STYLE = Automatic;
				INFOPLIST_FILE = "My great app/Info.plist";
				LD_RUNPATH_SEARCH_PATHS = (
					"$(inherited)",
					"@executable_path/Frameworks",
				);
				PRODUCT_BUNDLE_IDENTIFIER = "ua.kpi.comsys.iv7102.My-great-app";
				PRODUCT_NAME = "$(TARGET_NAME)";
				SWIFT_VERSION = 5.0;
				TARGETED_DEVICE_FAMILY = "1,2";
			};
			name = Debug;
		};
		AC32F398257442460084AE8F /* Release */ = {
			isa = XCBuildConfiguration;
			buildSettings = {
				ASSETCATALOG_COMPILER_APPICON_NAME = AppIcon;
				ASSETCATALOG_COMPILER_GLOBAL_ACCENT_COLOR_NAME = AccentColor;
				CODE_SIGN_STYLE = Automatic;
				INFOPLIST_FILE = "My great app/Info.plist";
				LD_RUNPATH_SEARCH_PATHS = (
					"$(inherited)",
					"@executable_path/Frameworks",
				);
				PRODUCT_BUNDLE_IDENTIFIER = "ua.kpi.comsys.iv7102.My-great-app";
				PRODUCT_NAME = "$(TARGET_NAME)";
				SWIFT_VERSION = 5.0;
				TARGETED_DEVICE_FAMILY = "1,2";
			};
			name = Release;
		};
/* End XCBuildConfiguration section */

/* Begin XCConfigurationList section */
		AC32F37D257442450084AE8F /* Build configuration list for PBXProject "My great app" */ = {
			isa = XCConfigurationList;
			buildConfigurations = (
				AC32F394257442460084AE8F /* Debug */,
				AC32F395257442460084AE8F /* Release */,
			);
			defaultConfigurationIsVisible = 0;
			defaultConfigurationName = Release;
		};
		AC32F396257442460084AE8F /* Build configuration list for PBXNativeTarget "My great app" */ = {
			isa = XCConfigurationList;
			buildConfigurations = (
				AC32F397257442460084AE8F /* Debug */,
				AC32F398257442460084AE8F /* Release */,
			);
			defaultConfigurationIsVisible = 0;
			defaultConfigurationName = Release;
		};
/* End XCConfigurationList section */
	};
	rootObject = AC32F37A257442450084AE8F /* Project object */;
}
